<?xml version="1.0" encoding="utf-8"?>
<Project ToolsVersion="4.0" xmlns="http://schemas.microsoft.com/developer/msbuild/2003">
  <ItemGroup>
    <Filter Include="Quelldateien">
      <UniqueIdentifier>{4FC737F1-C7A5-4376-A066-2A32D752A2FF}</UniqueIdentifier>
      <Extensions>cpp;c;cc;cxx;c++;cppm;ixx;def;odl;idl;hpj;bat;asm;asmx</Extensions>
    </Filter>
    <Filter Include="Headerdateien">
      <UniqueIdentifier>{93995380-89BD-4b04-88EB-625FBE52EBFB}</UniqueIdentifier>
      <Extensions>h;hh;hpp;hxx;h++;hm;inl;inc;ipp;xsd</Extensions>
    </Filter>
    <Filter Include="Ressourcendateien">
      <UniqueIdentifier>{67DA6AB6-F800-4c08-8B7A-83BB121AAD01}</UniqueIdentifier>
      <Extensions>rc;ico;cur;bmp;dlg;rc2;rct;bin;rgs;gif;jpg;jpeg;jpe;resx;tiff;tif;png;wav;mfcribbon-ms</Extensions>
    </Filter>
    <Filter Include="Headerdateien\Joblist">
      <UniqueIdentifier>{b0548b84-251f-4391-b217-6bd515b2452e}</UniqueIdentifier>
    </Filter>
    <Filter Include="Quelldateien\Joblist">
      <UniqueIdentifier>{40bc07a6-4287-48a1-a39c-8585a6d53708}</UniqueIdentifier>
    </Filter>
    <Filter Include="Quelldateien\Optimization Structures">
      <UniqueIdentifier>{a3b557d5-5bc3-4538-b14f-11068c951b78}</UniqueIdentifier>
    </Filter>
    <Filter Include="Headerdateien\Optimizer">
      <UniqueIdentifier>{faffcb94-2b0f-4bc5-9a81-8528d09a796e}</UniqueIdentifier>
    </Filter>
    <Filter Include="Quelldateien\Optimizer">
      <UniqueIdentifier>{10d1fff9-6335-43cd-9380-47e27616aade}</UniqueIdentifier>
    </Filter>
    <Filter Include="Headerdateien\Optimization Structures">
      <UniqueIdentifier>{2e5d69dc-07fb-40ee-9a6d-48e9658f0c1e}</UniqueIdentifier>
    </Filter>
  </ItemGroup>
  <ItemGroup>
    <ClCompile Include="main.cpp">
      <Filter>Quelldateien</Filter>
    </ClCompile>
    <ClCompile Include="Job.cpp">
      <Filter>Quelldateien\Joblist</Filter>
    </ClCompile>
    <ClCompile Include="JobList.cpp">
      <Filter>Quelldateien\Joblist</Filter>
    </ClCompile>
    <ClCompile Include="JobOperation.cpp">
      <Filter>Quelldateien\Joblist</Filter>
    </ClCompile>
    <ClCompile Include="Vector.cpp">
      <Filter>Quelldateien\Joblist</Filter>
    </ClCompile>
    <ClCompile Include="DecisionStack.cpp">
      <Filter>Quelldateien\Optimization Structures</Filter>
    </ClCompile>
    <ClCompile Include="DecisionStackList.cpp">
      <Filter>Quelldateien\Optimization Structures</Filter>
    </ClCompile>
    <ClCompile Include="Permutation.cpp">
      <Filter>Quelldateien\Optimization Structures</Filter>
    </ClCompile>
    <ClCompile Include="OptimizerRecursive.cpp">
      <Filter>Quelldateien\Optimizer</Filter>
    </ClCompile>
    <ClCompile Include="OptimizerGreedy.cpp">
      <Filter>Quelldateien\Optimizer</Filter>
    </ClCompile>
    <ClCompile Include="..\..\..\..\..\Dropbox\Freelancing\Programmierung\C++\Debug Class\Debug.cpp">
      <Filter>Quelldateien</Filter>
    </ClCompile>
    <ClCompile Include="OptimizerRecursiveMultithreading.cpp">
      <Filter>Quelldateien\Optimizer</Filter>
    </ClCompile>
    <ClCompile Include="OptimizerGrouping.cpp">
      <Filter>Quelldateien\Optimizer</Filter>
    </ClCompile>
    <ClCompile Include="OperationsGroup.cpp">
      <Filter>Quelldateien\Optimization Structures</Filter>
    </ClCompile>
  </ItemGroup>
  <ItemGroup>
    <ClInclude Include="Job.h">
      <Filter>Headerdateien\Joblist</Filter>
    </ClInclude>
    <ClInclude Include="JobList.h">
      <Filter>Headerdateien\Joblist</Filter>
    </ClInclude>
    <ClInclude Include="JobOperation.h">
      <Filter>Headerdateien\Joblist</Filter>
    </ClInclude>
    <ClInclude Include="Vector.h">
      <Filter>Headerdateien\Joblist</Filter>
    </ClInclude>
    <ClInclude Include="DecisionStack.h">
      <Filter>Headerdateien\Optimization Structures</Filter>
    </ClInclude>
    <ClInclude Include="DecisionStackList.h">
      <Filter>Headerdateien\Optimization Structures</Filter>
    </ClInclude>
    <ClInclude Include="Permutation.h">
      <Filter>Headerdateien\Optimization Structures</Filter>
    </ClInclude>
    <ClInclude Include="Misc.h">
      <Filter>Headerdateien</Filter>
    </ClInclude>
    <ClInclude Include="OptimizerRecursive.h">
      <Filter>Headerdateien\Optimizer</Filter>
    </ClInclude>
    <ClInclude Include="OptimizerGreedy.h">
      <Filter>Headerdateien\Optimizer</Filter>
    </ClInclude>
    <ClInclude Include="Debug.h">
      <Filter>Headerdateien</Filter>
    </ClInclude>
    <ClInclude Include="OptimizerRecursiveMultithreading.h">
      <Filter>Headerdateien\Optimizer</Filter>
    </ClInclude>
    <ClInclude Include="OptimizerGrouping.h">
      <Filter>Headerdateien\Optimizer</Filter>
    </ClInclude>
    <ClInclude Include="OperationsGroup.h">
      <Filter>Headerdateien\Optimization Structures</Filter>
    </ClInclude>
  </ItemGroup>
</Project>